
Microsoft Visual Studio Solution File, Format Version 12.00
# Visual Studio Version 17
VisualStudioVersion = 17.8.34330.188
MinimumVisualStudioVersion = 10.0.40219.1
Project("{FAE04EC0-301F-11D3-BF4B-00C04F79EFBC}") = "APIIntegration", "APIIntegration.csproj", "{EDD114ED-9F4D-420D-AEB3-AD9A36737FA7}"
EndProject
Global
	GlobalSection(SolutionConfigurationPlatforms) = preSolution
		Debug|Any CPU = Debug|Any CPU
		Release|Any CPU = Release|Any CPU
	EndGlobalSection
	GlobalSection(ProjectConfigurationPlatforms) = postSolution
		{EDD114ED-9F4D-420D-AEB3-AD9A36737FA7}.Debug|Any CPU.ActiveCfg = Debug|Any CPU
		{EDD114ED-9F4D-420D-AEB3-AD9A36737FA7}.Debug|Any CPU.Build.0 = Debug|Any CPU
		{EDD114ED-9F4D-420D-AEB3-AD9A36737FA7}.Release|Any CPU.ActiveCfg = Release|Any CPU
		{EDD114ED-9F4D-420D-AEB3-AD9A36737FA7}.Release|Any CPU.Build.0 = Release|Any CPU
	EndGlobalSection
	GlobalSection(SolutionProperties) = preSolution
		HideSolutionNode = FALSE
	EndGlobalSection
	GlobalSection(ExtensibilityGlobals) = postSolution
		SolutionGuid = {C5A8E164-801A-4D62-B9F3-0B75AB592498}
	EndGlobalSection
EndGlobal
